
Microsoft Visual Studio Solution File, Format Version 12.00
# Visual Studio Version 17
VisualStudioVersion = 17.11.35303.130
MinimumVisualStudioVersion = 10.0.40219.1
Project("{9A19103F-16F7-4668-BE54-9A1E7A4F7556}") = "IX1ZSI_HSZF_2024251.Application", "IX1ZSI_HSZF_2024251.Application\IX1ZSI_HSZF_2024251.Application.csproj", "{DAFBB631-B70F-4B3F-8AF1-6D1DF5D1E365}"
EndProject
Project("{9A19103F-16F7-4668-BE54-9A1E7A4F7556}") = "IX1ZSI_HSZF_2024251.Model", "IX1ZSI_HSZF_2024251.Model\IX1ZSI_HSZF_2024251.Model.csproj", "{8590F701-8EF6-4A73-878C-874461B6CF61}"
EndProject
Project("{9A19103F-16F7-4668-BE54-9A1E7A4F7556}") = "IX1ZSI_HSZF_2024251.Persistence.MsSql", "IX1ZSI_HSZF_2024251.Persistence.MsSql\IX1ZSI_HSZF_2024251.Persistence.MsSql.csproj", "{DEE4CA96-9B8B-4B4A-9537-D7833F7D5C2F}"
EndProject
Project("{9A19103F-16F7-4668-BE54-9A1E7A4F7556}") = "IX1ZSI_HSZF_2024251.Test", "IX1ZSI_HSZF_2024251.Test\IX1ZSI_HSZF_2024251.Test.csproj", "{6CFE94C0-93B3-4522-B575-2C50761CA393}"
EndProject
Project("{2150E333-8FDC-42A3-9474-1A3956D46DE8}") = "Application", "Application", "{9D2FF440-3934-4162-A3AD-197E76B199BC}"
EndProject
Project("{2150E333-8FDC-42A3-9474-1A3956D46DE8}") = "Domain", "Domain", "{67D5BA9A-AAFB-436C-946D-944DDB25255F}"
EndProject
Project("{2150E333-8FDC-42A3-9474-1A3956D46DE8}") = "Infrastructure", "Infrastructure", "{AC54A5EE-B906-438A-9867-D1A0D886F814}"
EndProject
Project("{2150E333-8FDC-42A3-9474-1A3956D46DE8}") = "Presentation", "Presentation", "{74889FA0-E155-4904-84A6-F1FD0D82FCE0}"
EndProject
Project("{2150E333-8FDC-42A3-9474-1A3956D46DE8}") = "Tests", "Tests", "{27BFB75C-8F64-4063-954D-B8229F8C2DA0}"
EndProject
Project("{9A19103F-16F7-4668-BE54-9A1E7A4F7556}") = "IX1ZSI_HSZF_2024251.Console", "IX1ZSI_HSZF_2024251.Console\IX1ZSI_HSZF_2024251.Console.csproj", "{71F1F541-915C-4C99-A5D2-25FA48EEB28E}"
EndProject
Global
	GlobalSection(SolutionConfigurationPlatforms) = preSolution
		Debug|Any CPU = Debug|Any CPU
		Release|Any CPU = Release|Any CPU
	EndGlobalSection
	GlobalSection(ProjectConfigurationPlatforms) = postSolution
		{DAFBB631-B70F-4B3F-8AF1-6D1DF5D1E365}.Debug|Any CPU.ActiveCfg = Debug|Any CPU
		{DAFBB631-B70F-4B3F-8AF1-6D1DF5D1E365}.Debug|Any CPU.Build.0 = Debug|Any CPU
		{DAFBB631-B70F-4B3F-8AF1-6D1DF5D1E365}.Release|Any CPU.ActiveCfg = Release|Any CPU
		{DAFBB631-B70F-4B3F-8AF1-6D1DF5D1E365}.Release|Any CPU.Build.0 = Release|Any CPU
		{8590F701-8EF6-4A73-878C-874461B6CF61}.Debug|Any CPU.ActiveCfg = Debug|Any CPU
		{8590F701-8EF6-4A73-878C-874461B6CF61}.Debug|Any CPU.Build.0 = Debug|Any CPU
		{8590F701-8EF6-4A73-878C-874461B6CF61}.Release|Any CPU.ActiveCfg = Release|Any CPU
		{8590F701-8EF6-4A73-878C-874461B6CF61}.Release|Any CPU.Build.0 = Release|Any CPU
		{DEE4CA96-9B8B-4B4A-9537-D7833F7D5C2F}.Debug|Any CPU.ActiveCfg = Debug|Any CPU
		{DEE4CA96-9B8B-4B4A-9537-D7833F7D5C2F}.Debug|Any CPU.Build.0 = Debug|Any CPU
		{DEE4CA96-9B8B-4B4A-9537-D7833F7D5C2F}.Release|Any CPU.ActiveCfg = Release|Any CPU
		{DEE4CA96-9B8B-4B4A-9537-D7833F7D5C2F}.Release|Any CPU.Build.0 = Release|Any CPU
		{6CFE94C0-93B3-4522-B575-2C50761CA393}.Debug|Any CPU.ActiveCfg = Debug|Any CPU
		{6CFE94C0-93B3-4522-B575-2C50761CA393}.Debug|Any CPU.Build.0 = Debug|Any CPU
		{6CFE94C0-93B3-4522-B575-2C50761CA393}.Release|Any CPU.ActiveCfg = Release|Any CPU
		{6CFE94C0-93B3-4522-B575-2C50761CA393}.Release|Any CPU.Build.0 = Release|Any CPU
		{71F1F541-915C-4C99-A5D2-25FA48EEB28E}.Debug|Any CPU.ActiveCfg = Debug|Any CPU
		{71F1F541-915C-4C99-A5D2-25FA48EEB28E}.Debug|Any CPU.Build.0 = Debug|Any CPU
		{71F1F541-915C-4C99-A5D2-25FA48EEB28E}.Release|Any CPU.ActiveCfg = Release|Any CPU
		{71F1F541-915C-4C99-A5D2-25FA48EEB28E}.Release|Any CPU.Build.0 = Release|Any CPU
	EndGlobalSection
	GlobalSection(SolutionProperties) = preSolution
		HideSolutionNode = FALSE
	EndGlobalSection
	GlobalSection(NestedProjects) = preSolution
		{DAFBB631-B70F-4B3F-8AF1-6D1DF5D1E365} = {9D2FF440-3934-4162-A3AD-197E76B199BC}
		{8590F701-8EF6-4A73-878C-874461B6CF61} = {67D5BA9A-AAFB-436C-946D-944DDB25255F}
		{DEE4CA96-9B8B-4B4A-9537-D7833F7D5C2F} = {AC54A5EE-B906-438A-9867-D1A0D886F814}
		{6CFE94C0-93B3-4522-B575-2C50761CA393} = {27BFB75C-8F64-4063-954D-B8229F8C2DA0}
		{71F1F541-915C-4C99-A5D2-25FA48EEB28E} = {74889FA0-E155-4904-84A6-F1FD0D82FCE0}
	EndGlobalSection
	GlobalSection(ExtensibilityGlobals) = postSolution
		SolutionGuid = {3410B894-29AF-4908-BC8E-C8DAC43CDB08}
	EndGlobalSection
EndGlobal
